
Microsoft Visual Studio Solution File, Format Version 11.00
# Visual Web Developer Express 2010
Project("{FAE04EC0-301F-11D3-BF4B-00C04F79EFBC}") = "PIM", "PIM\PIM.csproj", "{57D62C01-4291-4B59-A7D7-A874FCD2352C}"
EndProject
Global
	GlobalSection(SolutionConfigurationPlatforms) = preSolution
		Debug|Any CPU = Debug|Any CPU
		Release|Any CPU = Release|Any CPU
	EndGlobalSection
	GlobalSection(ProjectConfigurationPlatforms) = postSolution
		{57D62C01-4291-4B59-A7D7-A874FCD2352C}.Debug|Any CPU.ActiveCfg = Debug|Any CPU
		{57D62C01-4291-4B59-A7D7-A874FCD2352C}.Debug|Any CPU.Build.0 = Debug|Any CPU
		{57D62C01-4291-4B59-A7D7-A874FCD2352C}.Release|Any CPU.ActiveCfg = Release|Any CPU
		{57D62C01-4291-4B59-A7D7-A874FCD2352C}.Release|Any CPU.Build.0 = Release|Any CPU
	EndGlobalSection
	GlobalSection(SolutionProperties) = preSolution
		HideSolutionNode = FALSE
	EndGlobalSection
EndGlobal
